
Microsoft Visual Studio Solution File, Format Version 12.00
# Visual Studio Version 16
VisualStudioVersion = 16.0.29728.190
MinimumVisualStudioVersion = 10.0.40219.1
Project("{FAE04EC0-301F-11D3-BF4B-00C04F79EFBC}") = "CourseProject", "CourseProject\CourseProject.csproj", "{9C819FBD-148E-4B84-93CB-DBA0C0476A31}"
EndProject
Global
	GlobalSection(SolutionConfigurationPlatforms) = preSolution
		Debug|Any CPU = Debug|Any CPU
		Release|Any CPU = Release|Any CPU
	EndGlobalSection
	GlobalSection(ProjectConfigurationPlatforms) = postSolution
		{9C819FBD-148E-4B84-93CB-DBA0C0476A31}.Debug|Any CPU.ActiveCfg = Debug|Any CPU
		{9C819FBD-148E-4B84-93CB-DBA0C0476A31}.Debug|Any CPU.Build.0 = Debug|Any CPU
		{9C819FBD-148E-4B84-93CB-DBA0C0476A31}.Release|Any CPU.ActiveCfg = Release|Any CPU
		{9C819FBD-148E-4B84-93CB-DBA0C0476A31}.Release|Any CPU.Build.0 = Release|Any CPU
	EndGlobalSection
	GlobalSection(SolutionProperties) = preSolution
		HideSolutionNode = FALSE
	EndGlobalSection
	GlobalSection(ExtensibilityGlobals) = postSolution
		SolutionGuid = {0B56206A-DEBB-42F6-B279-79D52F1C6A61}
	EndGlobalSection
EndGlobal
